
Microsoft Visual Studio Solution File, Format Version 12.00
# Visual Studio Version 17
VisualStudioVersion = 17.7.34221.43
MinimumVisualStudioVersion = 10.0.40219.1
Project("{FAE04EC0-301F-11D3-BF4B-00C04F79EFBC}") = "PongGameGelo", "PongGameGelo\PongGameGelo.csproj", "{E145C646-3C81-4975-AE65-5637E916BC59}"
EndProject
Global
	GlobalSection(SolutionConfigurationPlatforms) = preSolution
		Debug|Any CPU = Debug|Any CPU
		Release|Any CPU = Release|Any CPU
	EndGlobalSection
	GlobalSection(ProjectConfigurationPlatforms) = postSolution
		{E145C646-3C81-4975-AE65-5637E916BC59}.Debug|Any CPU.ActiveCfg = Debug|Any CPU
		{E145C646-3C81-4975-AE65-5637E916BC59}.Debug|Any CPU.Build.0 = Debug|Any CPU
		{E145C646-3C81-4975-AE65-5637E916BC59}.Release|Any CPU.ActiveCfg = Release|Any CPU
		{E145C646-3C81-4975-AE65-5637E916BC59}.Release|Any CPU.Build.0 = Release|Any CPU
	EndGlobalSection
	GlobalSection(SolutionProperties) = preSolution
		HideSolutionNode = FALSE
	EndGlobalSection
	GlobalSection(ExtensibilityGlobals) = postSolution
		SolutionGuid = {14CDC436-CEBA-4D50-B4A8-FF20C239F95B}
	EndGlobalSection
EndGlobal
