
Microsoft Visual Studio Solution File, Format Version 12.00
# Visual Studio Version 17
VisualStudioVersion = 17.7.34221.43
MinimumVisualStudioVersion = 10.0.40219.1
Project("{FAE04EC0-301F-11D3-BF4B-00C04F79EFBC}") = "TicTacToeGelo", "TicTacToeGelo\TicTacToeGelo.csproj", "{20E0C6F5-E8CD-4B54-8B53-7C0BB5292AF3}"
EndProject
Global
	GlobalSection(SolutionConfigurationPlatforms) = preSolution
		Debug|Any CPU = Debug|Any CPU
		Release|Any CPU = Release|Any CPU
	EndGlobalSection
	GlobalSection(ProjectConfigurationPlatforms) = postSolution
		{20E0C6F5-E8CD-4B54-8B53-7C0BB5292AF3}.Debug|Any CPU.ActiveCfg = Debug|Any CPU
		{20E0C6F5-E8CD-4B54-8B53-7C0BB5292AF3}.Debug|Any CPU.Build.0 = Debug|Any CPU
		{20E0C6F5-E8CD-4B54-8B53-7C0BB5292AF3}.Release|Any CPU.ActiveCfg = Release|Any CPU
		{20E0C6F5-E8CD-4B54-8B53-7C0BB5292AF3}.Release|Any CPU.Build.0 = Release|Any CPU
	EndGlobalSection
	GlobalSection(SolutionProperties) = preSolution
		HideSolutionNode = FALSE
	EndGlobalSection
	GlobalSection(ExtensibilityGlobals) = postSolution
		SolutionGuid = {F1AEECCD-C023-4131-A052-A18252241754}
	EndGlobalSection
EndGlobal
