
Microsoft Visual Studio Solution File, Format Version 12.00
# Visual Studio Version 17
VisualStudioVersion = 17.10.35013.160
MinimumVisualStudioVersion = 10.0.40219.1
Project("{FAE04EC0-301F-11D3-BF4B-00C04F79EFBC}") = "Turn Based Combat Game", "Turn Based Combat Game\Turn Based Combat Game.csproj", "{8BEB8D1A-BE7A-4971-ABA1-4F36926750CE}"
EndProject
Global
	GlobalSection(SolutionConfigurationPlatforms) = preSolution
		Debug|Any CPU = Debug|Any CPU
		Release|Any CPU = Release|Any CPU
	EndGlobalSection
	GlobalSection(ProjectConfigurationPlatforms) = postSolution
		{8BEB8D1A-BE7A-4971-ABA1-4F36926750CE}.Debug|Any CPU.ActiveCfg = Debug|Any CPU
		{8BEB8D1A-BE7A-4971-ABA1-4F36926750CE}.Debug|Any CPU.Build.0 = Debug|Any CPU
		{8BEB8D1A-BE7A-4971-ABA1-4F36926750CE}.Release|Any CPU.ActiveCfg = Release|Any CPU
		{8BEB8D1A-BE7A-4971-ABA1-4F36926750CE}.Release|Any CPU.Build.0 = Release|Any CPU
	EndGlobalSection
	GlobalSection(SolutionProperties) = preSolution
		HideSolutionNode = FALSE
	EndGlobalSection
	GlobalSection(ExtensibilityGlobals) = postSolution
		SolutionGuid = {1246A31F-5FED-4A14-8515-C5A09911CF5B}
	EndGlobalSection
EndGlobal
